
Microsoft Visual Studio Solution File, Format Version 12.00
# Visual Studio Version 16
VisualStudioVersion = 16.0.30523.141
MinimumVisualStudioVersion = 10.0.40219.1
Project("{FAE04EC0-301F-11D3-BF4B-00C04F79EFBC}") = "Calculadora", "Calculadora\Calculadora.csproj", "{DCE68D61-DAE0-4D55-915E-F4265861F001}"
EndProject
Global
	GlobalSection(SolutionConfigurationPlatforms) = preSolution
		Debug|Any CPU = Debug|Any CPU
		Release|Any CPU = Release|Any CPU
	EndGlobalSection
	GlobalSection(ProjectConfigurationPlatforms) = postSolution
		{DCE68D61-DAE0-4D55-915E-F4265861F001}.Debug|Any CPU.ActiveCfg = Debug|Any CPU
		{DCE68D61-DAE0-4D55-915E-F4265861F001}.Debug|Any CPU.Build.0 = Debug|Any CPU
		{DCE68D61-DAE0-4D55-915E-F4265861F001}.Release|Any CPU.ActiveCfg = Release|Any CPU
		{DCE68D61-DAE0-4D55-915E-F4265861F001}.Release|Any CPU.Build.0 = Release|Any CPU
	EndGlobalSection
	GlobalSection(SolutionProperties) = preSolution
		HideSolutionNode = FALSE
	EndGlobalSection
	GlobalSection(ExtensibilityGlobals) = postSolution
		SolutionGuid = {EA8264B8-7937-45A9-91BA-CE83FF9C7A5F}
	EndGlobalSection
EndGlobal
